
Microsoft Visual Studio Solution File, Format Version 12.00
# Visual Studio Version 17
VisualStudioVersion = 17.14.36717.8 d17.14
MinimumVisualStudioVersion = 10.0.40219.1
Project("{FAE04EC0-301F-11D3-BF4B-00C04F79EFBC}") = "Tyuiu.MertsKV.Sprint7.Project.V13.Lib", "Tyuiu.MertsKV.Sprint7.Project.V13.Lib\Tyuiu.MertsKV.Sprint7.Project.V13.Lib.csproj", "{5497D5BD-A3CE-450E-B30F-5A8B97A1761C}"
EndProject
Project("{FAE04EC0-301F-11D3-BF4B-00C04F79EFBC}") = "Tyuiu.MertsKV.Sprint7.Project.V13.Test", "Tyuiu.MertsKV.Sprint7.Project.V13.Test\Tyuiu.MertsKV.Sprint7.Project.V13.Test.csproj", "{65BC03CD-FFB2-4F10-923C-E0C4C9EDC31E}"
EndProject
Global
	GlobalSection(SolutionConfigurationPlatforms) = preSolution
		Debug|Any CPU = Debug|Any CPU
		Release|Any CPU = Release|Any CPU
	EndGlobalSection
	GlobalSection(ProjectConfigurationPlatforms) = postSolution
		{5497D5BD-A3CE-450E-B30F-5A8B97A1761C}.Debug|Any CPU.ActiveCfg = Debug|Any CPU
		{5497D5BD-A3CE-450E-B30F-5A8B97A1761C}.Debug|Any CPU.Build.0 = Debug|Any CPU
		{5497D5BD-A3CE-450E-B30F-5A8B97A1761C}.Release|Any CPU.ActiveCfg = Release|Any CPU
		{5497D5BD-A3CE-450E-B30F-5A8B97A1761C}.Release|Any CPU.Build.0 = Release|Any CPU
		{65BC03CD-FFB2-4F10-923C-E0C4C9EDC31E}.Debug|Any CPU.ActiveCfg = Debug|Any CPU
		{65BC03CD-FFB2-4F10-923C-E0C4C9EDC31E}.Debug|Any CPU.Build.0 = Debug|Any CPU
		{65BC03CD-FFB2-4F10-923C-E0C4C9EDC31E}.Release|Any CPU.ActiveCfg = Release|Any CPU
		{65BC03CD-FFB2-4F10-923C-E0C4C9EDC31E}.Release|Any CPU.Build.0 = Release|Any CPU
	EndGlobalSection
	GlobalSection(SolutionProperties) = preSolution
		HideSolutionNode = FALSE
	EndGlobalSection
	GlobalSection(ExtensibilityGlobals) = postSolution
		SolutionGuid = {B4A60FE2-8351-4723-87FE-2A1BD1FD01F7}
	EndGlobalSection
EndGlobal
